
Microsoft Visual Studio Solution File, Format Version 12.00
# Visual Studio Version 17
VisualStudioVersion = 17.4.33122.133
MinimumVisualStudioVersion = 10.0.40219.1
Project("{9A19103F-16F7-4668-BE54-9A1E7A4F7556}") = "Quartz", "Quartz\Quartz.csproj", "{FA650598-F170-4458-B0C4-EF6FD37EEBED}"
EndProject
Project("{9A19103F-16F7-4668-BE54-9A1E7A4F7556}") = "Quartz.Forms", "Quartz.Forms\Quartz.Forms.csproj", "{F640BBCA-0A65-4963-9899-12678EAF8579}"
EndProject
Project("{FAE04EC0-301F-11D3-BF4B-00C04F79EFBC}") = "Quartz.Avalonia", "Quartz.Avalonia\Quartz.Avalonia.csproj", "{3F010317-92C2-4D5B-8C73-FEAFE1384A51}"
EndProject
Global
	GlobalSection(SolutionConfigurationPlatforms) = preSolution
		Debug|Any CPU = Debug|Any CPU
		Release|Any CPU = Release|Any CPU
	EndGlobalSection
	GlobalSection(ProjectConfigurationPlatforms) = postSolution
		{FA650598-F170-4458-B0C4-EF6FD37EEBED}.Debug|Any CPU.ActiveCfg = Debug|Any CPU
		{FA650598-F170-4458-B0C4-EF6FD37EEBED}.Debug|Any CPU.Build.0 = Debug|Any CPU
		{FA650598-F170-4458-B0C4-EF6FD37EEBED}.Release|Any CPU.ActiveCfg = Release|Any CPU
		{FA650598-F170-4458-B0C4-EF6FD37EEBED}.Release|Any CPU.Build.0 = Release|Any CPU
		{F640BBCA-0A65-4963-9899-12678EAF8579}.Debug|Any CPU.ActiveCfg = Debug|Any CPU
		{F640BBCA-0A65-4963-9899-12678EAF8579}.Debug|Any CPU.Build.0 = Debug|Any CPU
		{F640BBCA-0A65-4963-9899-12678EAF8579}.Release|Any CPU.ActiveCfg = Release|Any CPU
		{F640BBCA-0A65-4963-9899-12678EAF8579}.Release|Any CPU.Build.0 = Release|Any CPU
		{3F010317-92C2-4D5B-8C73-FEAFE1384A51}.Debug|Any CPU.ActiveCfg = Debug|Any CPU
		{3F010317-92C2-4D5B-8C73-FEAFE1384A51}.Debug|Any CPU.Build.0 = Debug|Any CPU
		{3F010317-92C2-4D5B-8C73-FEAFE1384A51}.Release|Any CPU.ActiveCfg = Release|Any CPU
		{3F010317-92C2-4D5B-8C73-FEAFE1384A51}.Release|Any CPU.Build.0 = Release|Any CPU
	EndGlobalSection
	GlobalSection(SolutionProperties) = preSolution
		HideSolutionNode = FALSE
	EndGlobalSection
	GlobalSection(ExtensibilityGlobals) = postSolution
		SolutionGuid = {395AAC48-AE2A-45D1-8E28-14896676293D}
	EndGlobalSection
EndGlobal
